
Microsoft Visual Studio Solution File, Format Version 12.00
# Visual Studio Version 17
VisualStudioVersion = 17.4.33110.190
MinimumVisualStudioVersion = 10.0.40219.1
Project("{FAE04EC0-301F-11D3-BF4B-00C04F79EFBC}") = "OnlineStoreManagementSystem", "OnlineStoreManagementSystem\OnlineStoreManagementSystem.csproj", "{0436CBD5-BB35-420A-B0A2-25D9AD46A039}"
EndProject
Global
	GlobalSection(SolutionConfigurationPlatforms) = preSolution
		Debug|Any CPU = Debug|Any CPU
		Release|Any CPU = Release|Any CPU
	EndGlobalSection
	GlobalSection(ProjectConfigurationPlatforms) = postSolution
		{0436CBD5-BB35-420A-B0A2-25D9AD46A039}.Debug|Any CPU.ActiveCfg = Debug|Any CPU
		{0436CBD5-BB35-420A-B0A2-25D9AD46A039}.Debug|Any CPU.Build.0 = Debug|Any CPU
		{0436CBD5-BB35-420A-B0A2-25D9AD46A039}.Release|Any CPU.ActiveCfg = Release|Any CPU
		{0436CBD5-BB35-420A-B0A2-25D9AD46A039}.Release|Any CPU.Build.0 = Release|Any CPU
	EndGlobalSection
	GlobalSection(SolutionProperties) = preSolution
		HideSolutionNode = FALSE
	EndGlobalSection
	GlobalSection(ExtensibilityGlobals) = postSolution
		SolutionGuid = {657BED06-D8BB-4812-B529-64144E3BD064}
	EndGlobalSection
EndGlobal
